dependencies:
- name: argo-workflows
  repository: https://argoproj.github.io/argo-helm
  version: 0.47.4
- name: minio
  repository: https://charts.bitnami.com/bitnami
  version: 17.0.21
digest: sha256:efab0fd88903c713eb7d7c1d5f959d945caf9d9830d4ff8b4edabf0cbf93bc79
generated: "2026-03-22T09:57:13.949839349+08:00"
